{
  "name": "village-poker",
  "version": "0.1.0",
  "lockfileVersion": 3,
  "requires": true,
  "packages": {
    "": {
      "name": "village-poker",
      "version": "0.1.0",
      "dependencies": {
        "village-hub": "file:../village-hub"
      }
    },
    "../village-hub": {
      "version": "1.0.0",
      "dependencies": {
        "express": "^4.21.2",
        "express-rate-limit": "^7.5.0",
        "proper-lockfile": "^4.1.2"
      },
      "bin": {
        "village-hub": "bin/village-hub.js"
      },
      "devDependencies": {
        "vitest": "*"
      }
    },
    "node_modules/village-hub": {
      "resolved": "../village-hub",
      "link": true
    }
  }
}
